
Microsoft Visual Studio Solution File, Format Version 12.00
# Visual Studio Version 16
VisualStudioVersion = 16.0.29009.5
MinimumVisualStudioVersion = 10.0.40219.1
Project("{FAE04EC0-301F-11D3-BF4B-00C04F79EFBC}") = "AssistVente", "AssistVente\AssistVente.csproj", "{DE018B2B-27AE-4CB9-866D-16064F8CF471}"
EndProject
Project("{FAE04EC0-301F-11D3-BF4B-00C04F79EFBC}") = "AssistVente.Tests", "AssistVente.Tests\AssistVente.Tests.csproj", "{F28EBDF9-1EDD-4919-A319-2850D5EFFB28}"
EndProject
Global
	GlobalSection(SolutionConfigurationPlatforms) = preSolution
		Debug|Any CPU = Debug|Any CPU
		Release|Any CPU = Release|Any CPU
	EndGlobalSection
	GlobalSection(ProjectConfigurationPlatforms) = postSolution
		{DE018B2B-27AE-4CB9-866D-16064F8CF471}.Debug|Any CPU.ActiveCfg = Debug|Any CPU
		{DE018B2B-27AE-4CB9-866D-16064F8CF471}.Debug|Any CPU.Build.0 = Debug|Any CPU
		{DE018B2B-27AE-4CB9-866D-16064F8CF471}.Release|Any CPU.ActiveCfg = Release|Any CPU
		{DE018B2B-27AE-4CB9-866D-16064F8CF471}.Release|Any CPU.Build.0 = Release|Any CPU
		{F28EBDF9-1EDD-4919-A319-2850D5EFFB28}.Debug|Any CPU.ActiveCfg = Debug|Any CPU
		{F28EBDF9-1EDD-4919-A319-2850D5EFFB28}.Debug|Any CPU.Build.0 = Debug|Any CPU
		{F28EBDF9-1EDD-4919-A319-2850D5EFFB28}.Release|Any CPU.ActiveCfg = Release|Any CPU
		{F28EBDF9-1EDD-4919-A319-2850D5EFFB28}.Release|Any CPU.Build.0 = Release|Any CPU
	EndGlobalSection
	GlobalSection(SolutionProperties) = preSolution
		HideSolutionNode = FALSE
	EndGlobalSection
	GlobalSection(ExtensibilityGlobals) = postSolution
		SolutionGuid = {1CF618FE-CA6B-4E4B-964B-136E27540EC3}
	EndGlobalSection
EndGlobal
